// !$*UTF8*$!
{
	archiveVersion = 1;
	classes = {
	};
	objectVersion = 56;
	objects = {

/* Begin PBXBuildFile section */
		448126402A85D3BA00F70F62 /* BrainableAppApp.swift in Sources */ = {isa = PBXBuildFile; fileRef = 4481263F2A85D3BA00F70F62 /* BrainableAppApp.swift */; };
		448126422A85D3BA00F70F62 /* ContentView.swift in Sources */ = {isa = PBXBuildFile; fileRef = 448126412A85D3BA00F70F62 /* ContentView.swift */; };
		448126442A85D3BB00F70F62 /* Assets.xcassets in Resources */ = {isa = PBXBuildFile; fileRef = 448126432A85D3BB00F70F62 /* Assets.xcassets */; };
		448126482A85D3BB00F70F62 /* Preview Assets.xcassets in Resources */ = {isa = PBXBuildFile; fileRef = 448126472A85D3BB00F70F62 /* Preview Assets.xcassets */; };
		448126522A85D3BB00F70F62 /* BrainableAppTests.swift in Sources */ = {isa = PBXBuildFile; fileRef = 448126512A85D3BB00F70F62 /* BrainableAppTests.swift */; };
		4481265C2A85D3BB00F70F62 /* BrainableAppUITests.swift in Sources */ = {isa = PBXBuildFile; fileRef = 4481265B2A85D3BB00F70F62 /* BrainableAppUITests.swift */; };
		4481265E2A85D3BB00F70F62 /* BrainableAppUITestsLaunchTests.swift in Sources */ = {isa = PBXBuildFile; fileRef = 4481265D2A85D3BB00F70F62 /* BrainableAppUITestsLaunchTests.swift */; };
		4481266D2A85D4A600F70F62 /* WelcomeView.swift in Sources */ = {isa = PBXBuildFile; fileRef = 4481266C2A85D4A600F70F62 /* WelcomeView.swift */; };
		4481266F2A85D81C00F70F62 /* MainView.swift in Sources */ = {isa = PBXBuildFile; fileRef = 4481266E2A85D81C00F70F62 /* MainView.swift */; };
/* End PBXBuildFile section */

/* Begin PBXContainerItemProxy section */
		4481264E2A85D3BB00F70F62 /* PBXContainerItemProxy */ = {
			isa = PBXContainerItemProxy;
			containerPortal = 448126342A85D3BA00F70F62 /* Project object */;
			proxyType = 1;
			remoteGlobalIDString = 4481263B2A85D3BA00F70F62;
			remoteInfo = BrainableApp;
		};
		448126582A85D3BB00F70F62 /* PBXContainerItemProxy */ = {
			isa = PBXContainerItemProxy;
			containerPortal = 448126342A85D3BA00F70F62 /* Project object */;
			proxyType = 1;
			remoteGlobalIDString = 4481263B2A85D3BA00F70F62;
			remoteInfo = BrainableApp;
		};
/* End PBXContainerItemProxy section */

/* Begin PBXFileReference section */
		4481263C2A85D3BA00F70F62 /* BrainableApp.app */ = {isa = PBXFileReference; explicitFileType = wrapper.application; includeInIndex = 0; path = BrainableApp.app; sourceTree = BUILT_PRODUCTS_DIR; };
		4481263F2A85D3BA00F70F62 /* BrainableAppApp.swift */ = {isa = PBXFileReference; lastKnownFileType = sourcecode.swift; path = BrainableAppApp.swift; sourceTree = "<group>"; };
		448126412A85D3BA00F70F62 /* ContentView.swift */ = {isa = PBXFileReference; lastKnownFileType = sourcecode.swift; path = ContentView.swift; sourceTree = "<group>"; };
		448126432A85D3BB00F70F62 /* Assets.xcassets */ = {isa = PBXFileReference; lastKnownFileType = folder.assetcatalog; path = Assets.xcassets; sourceTree = "<group>"; };
		448126452A85D3BB00F70F62 /* BrainableApp.entitlements */ = {isa = PBXFileReference; lastKnownFileType = text.plist.entitlements; path = BrainableApp.entitlements; sourceTree = "<group>"; };
		448126472A85D3BB00F70F62 /* Preview Assets.xcassets */ = {isa = PBXFileReference; lastKnownFileType = folder.assetcatalog; path = "Preview Assets.xcassets"; sourceTree = "<group>"; };
		4481264D2A85D3BB00F70F62 /* BrainableAppTests.xctest */ = {isa = PBXFileReference; explicitFileType = wrapper.cfbundle; includeInIndex = 0; path = BrainableAppTests.xctest; sourceTree = BUILT_PRODUCTS_DIR; };
		448126512A85D3BB00F70F62 /* BrainableAppTests.swift */ = {isa = PBXFileReference; lastKnownFileType = sourcecode.swift; path = BrainableAppTests.swift; sourceTree = "<group>"; };
		448126572A85D3BB00F70F62 /* BrainableAppUITests.xctest */ = {isa = PBXFileReference; explicitFileType = wrapper.cfbundle; includeInIndex = 0; path = BrainableAppUITests.xctest; sourceTree = BUILT_PRODUCTS_DIR; };
		4481265B2A85D3BB00F70F62 /* BrainableAppUITests.swift */ = {isa = PBXFileReference; lastKnownFileType = sourcecode.swift; path = BrainableAppUITests.swift; sourceTree = "<group>"; };
		4481265D2A85D3BB00F70F62 /* BrainableAppUITestsLaunchTests.swift */ = {isa = PBXFileReference; lastKnownFileType = sourcecode.swift; path = BrainableAppUITestsLaunchTests.swift; sourceTree = "<group>"; };
		4481266C2A85D4A600F70F62 /* WelcomeView.swift */ = {isa = PBXFileReference; lastKnownFileType = sourcecode.swift; path = WelcomeView.swift; sourceTree = "<group>"; };
		4481266E2A85D81C00F70F62 /* MainView.swift */ = {isa = PBXFileReference; lastKnownFileType = sourcecode.swift; path = MainView.swift; sourceTree = "<group>"; };
/* End PBXFileReference section */

/* Begin PBXFrameworksBuildPhase section */
		448126392A85D3BA00F70F62 /* Frameworks */ = {
			isa = PBXFrameworksBuildPhase;
			buildActionMask = 2147483647;
			files = (
			);
			runOnlyForDeploymentPostprocessing = 0;
		};
		4481264A2A85D3BB00F70F62 /* Frameworks */ = {
			isa = PBXFrameworksBuildPhase;
			buildActionMask = 2147483647;
			files = (
			);
			runOnlyForDeploymentPostprocessing = 0;
		};
		448126542A85D3BB00F70F62 /* Frameworks */ = {
			isa = PBXFrameworksBuildPhase;
			buildActionMask = 2147483647;
			files = (
			);
			runOnlyForDeploymentPostprocessing = 0;
		};
/* End PBXFrameworksBuildPhase section */

/* Begin PBXGroup section */
		448126332A85D3BA00F70F62 = {
			isa = PBXGroup;
			children = (
				4481263E2A85D3BA00F70F62 /* BrainableApp */,
				448126502A85D3BB00F70F62 /* BrainableAppTests */,
				4481265A2A85D3BB00F70F62 /* BrainableAppUITests */,
				4481263D2A85D3BA00F70F62 /* Products */,
			);
			sourceTree = "<group>";
		};
		4481263D2A85D3BA00F70F62 /* Products */ = {
			isa = PBXGroup;
			children = (
				4481263C2A85D3BA00F70F62 /* BrainableApp.app */,
				4481264D2A85D3BB00F70F62 /* BrainableAppTests.xctest */,
				448126572A85D3BB00F70F62 /* BrainableAppUITests.xctest */,
			);
			name = Products;
			sourceTree = "<group>";
		};
		4481263E2A85D3BA00F70F62 /* BrainableApp */ = {
			isa = PBXGroup;
			children = (
				4481266B2A85D47000F70F62 /* Views */,
				4481263F2A85D3BA00F70F62 /* BrainableAppApp.swift */,
				448126432A85D3BB00F70F62 /* Assets.xcassets */,
				448126452A85D3BB00F70F62 /* BrainableApp.entitlements */,
				448126462A85D3BB00F70F62 /* Preview Content */,
			);
			path = BrainableApp;
			sourceTree = "<group>";
		};
		448126462A85D3BB00F70F62 /* Preview Content */ = {
			isa = PBXGroup;
			children = (
				448126472A85D3BB00F70F62 /* Preview Assets.xcassets */,
			);
			path = "Preview Content";
			sourceTree = "<group>";
		};
		448126502A85D3BB00F70F62 /* BrainableAppTests */ = {
			isa = PBXGroup;
			children = (
				448126512A85D3BB00F70F62 /* BrainableAppTests.swift */,
			);
			path = BrainableAppTests;
			sourceTree = "<group>";
		};
		4481265A2A85D3BB00F70F62 /* BrainableAppUITests */ = {
			isa = PBXGroup;
			children = (
				4481265B2A85D3BB00F70F62 /* BrainableAppUITests.swift */,
				4481265D2A85D3BB00F70F62 /* BrainableAppUITestsLaunchTests.swift */,
			);
			path = BrainableAppUITests;
			sourceTree = "<group>";
		};
		4481266B2A85D47000F70F62 /* Views */ = {
			isa = PBXGroup;
			children = (
				448126412A85D3BA00F70F62 /* ContentView.swift */,
				4481266C2A85D4A600F70F62 /* WelcomeView.swift */,
				4481266E2A85D81C00F70F62 /* MainView.swift */,
			);
			path = Views;
			sourceTree = "<group>";
		};
/* End PBXGroup section */

/* Begin PBXNativeTarget section */
		4481263B2A85D3BA00F70F62 /* BrainableApp */ = {
			isa = PBXNativeTarget;
			buildConfigurationList = 448126612A85D3BB00F70F62 /* Build configuration list for PBXNativeTarget "BrainableApp" */;
			buildPhases = (
				448126382A85D3BA00F70F62 /* Sources */,
				448126392A85D3BA00F70F62 /* Frameworks */,
				4481263A2A85D3BA00F70F62 /* Resources */,
			);
			buildRules = (
			);
			dependencies = (
			);
			name = BrainableApp;
			productName = BrainableApp;
			productReference = 4481263C2A85D3BA00F70F62 /* BrainableApp.app */;
			productType = "com.apple.product-type.application";
		};
		4481264C2A85D3BB00F70F62 /* BrainableAppTests */ = {
			isa = PBXNativeTarget;
			buildConfigurationList = 448126642A85D3BB00F70F62 /* Build configuration list for PBXNativeTarget "BrainableAppTests" */;
			buildPhases = (
				448126492A85D3BB00F70F62 /* Sources */,
				4481264A2A85D3BB00F70F62 /* Frameworks */,
				4481264B2A85D3BB00F70F62 /* Resources */,
			);
			buildRules = (
			);
			dependencies = (
				4481264F2A85D3BB00F70F62 /* PBXTargetDependency */,
			);
			name = BrainableAppTests;
			productName = BrainableAppTests;
			productReference = 4481264D2A85D3BB00F70F62 /* BrainableAppTests.xctest */;
			productType = "com.apple.product-type.bundle.unit-test";
		};
		448126562A85D3BB00F70F62 /* BrainableAppUITests */ = {
			isa = PBXNativeTarget;
			buildConfigurationList = 448126672A85D3BB00F70F62 /* Build configuration list for PBXNativeTarget "BrainableAppUITests" */;
			buildPhases = (
				448126532A85D3BB00F70F62 /* Sources */,
				448126542A85D3BB00F70F62 /* Frameworks */,
				448126552A85D3BB00F70F62 /* Resources */,
			);
			buildRules = (
			);
			dependencies = (
				448126592A85D3BB00F70F62 /* PBXTargetDependency */,
			);
			name = BrainableAppUITests;
			productName = BrainableAppUITests;
			productReference = 448126572A85D3BB00F70F62 /* BrainableAppUITests.xctest */;
			productType = "com.apple.product-type.bundle.ui-testing";
		};
/* End PBXNativeTarget section */

/* Begin PBXProject section */
		448126342A85D3BA00F70F62 /* Project object */ = {
			isa = PBXProject;
			attributes = {
				BuildIndependentTargetsInParallel = 1;
				LastSwiftUpdateCheck = 1430;
				LastUpgradeCheck = 1430;
				TargetAttributes = {
					4481263B2A85D3BA00F70F62 = {
						CreatedOnToolsVersion = 14.3.1;
					};
					4481264C2A85D3BB00F70F62 = {
						CreatedOnToolsVersion = 14.3.1;
						TestTargetID = 4481263B2A85D3BA00F70F62;
					};
					448126562A85D3BB00F70F62 = {
						CreatedOnToolsVersion = 14.3.1;
						TestTargetID = 4481263B2A85D3BA00F70F62;
					};
				};
			};
			buildConfigurationList = 448126372A85D3BA00F70F62 /* Build configuration list for PBXProject "BrainableApp" */;
			compatibilityVersion = "Xcode 14.0";
			developmentRegion = en;
			hasScannedForEncodings = 0;
			knownRegions = (
				en,
				Base,
			);
			mainGroup = 448126332A85D3BA00F70F62;
			productRefGroup = 4481263D2A85D3BA00F70F62 /* Products */;
			projectDirPath = "";
			projectRoot = "";
			targets = (
				4481263B2A85D3BA00F70F62 /* BrainableApp */,
				4481264C2A85D3BB00F70F62 /* BrainableAppTests */,
				448126562A85D3BB00F70F62 /* BrainableAppUITests */,
			);
		};
/* End PBXProject section */

/* Begin PBXResourcesBuildPhase section */
		4481263A2A85D3BA00F70F62 /* Resources */ = {
			isa = PBXResourcesBuildPhase;
			buildActionMask = 2147483647;
			files = (
				448126482A85D3BB00F70F62 /* Preview Assets.xcassets in Resources */,
				448126442A85D3BB00F70F62 /* Assets.xcassets in Resources */,
			);
			runOnlyForDeploymentPostprocessing = 0;
		};
		4481264B2A85D3BB00F70F62 /* Resources */ = {
			isa = PBXResourcesBuildPhase;
			buildActionMask = 2147483647;
			files = (
			);
			runOnlyForDeploymentPostprocessing = 0;
		};
		448126552A85D3BB00F70F62 /* Resources */ = {
			isa = PBXResourcesBuildPhase;
			buildActionMask = 2147483647;
			files = (
			);
			runOnlyForDeploymentPostprocessing = 0;
		};
/* End PBXResourcesBuildPhase section */

/* Begin PBXSourcesBuildPhase section */
		448126382A85D3BA00F70F62 /* Sources */ = {
			isa = PBXSourcesBuildPhase;
			buildActionMask = 2147483647;
			files = (
				448126422A85D3BA00F70F62 /* ContentView.swift in Sources */,
				4481266F2A85D81C00F70F62 /* MainView.swift in Sources */,
				4481266D2A85D4A600F70F62 /* WelcomeView.swift in Sources */,
				448126402A85D3BA00F70F62 /* BrainableAppApp.swift in Sources */,
			);
			runOnlyForDeploymentPostprocessing = 0;
		};
		448126492A85D3BB00F70F62 /* Sources */ = {
			isa = PBXSourcesBuildPhase;
			buildActionMask = 2147483647;
			files = (
				448126522A85D3BB00F70F62 /* BrainableAppTests.swift in Sources */,
			);
			runOnlyForDeploymentPostprocessing = 0;
		};
		448126532A85D3BB00F70F62 /* Sources */ = {
			isa = PBXSourcesBuildPhase;
			buildActionMask = 2147483647;
			files = (
				4481265C2A85D3BB00F70F62 /* BrainableAppUITests.swift in Sources */,
				4481265E2A85D3BB00F70F62 /* BrainableAppUITestsLaunchTests.swift in Sources */,
			);
			runOnlyForDeploymentPostprocessing = 0;
		};
/* End PBXSourcesBuildPhase section */

/* Begin PBXTargetDependency section */
		4481264F2A85D3BB00F70F62 /* PBXTargetDependency */ = {
			isa = PBXTargetDependency;
			target = 4481263B2A85D3BA00F70F62 /* BrainableApp */;
			targetProxy = 4481264E2A85D3BB00F70F62 /* PBXContainerItemProxy */;
		};
		448126592A85D3BB00F70F62 /* PBXTargetDependency */ = {
			isa = PBXTargetDependency;
			target = 4481263B2A85D3BA00F70F62 /* BrainableApp */;
			targetProxy = 448126582A85D3BB00F70F62 /* PBXContainerItemProxy */;
		};
/* End PBXTargetDependency section */

/* Begin XCBuildConfiguration section */
		4481265F2A85D3BB00F70F62 /* Debug */ = {
			isa = XCBuildConfiguration;
			buildSettings = {
				ALWAYS_SEARCH_USER_PATHS = NO;
				CLANG_ANALYZER_NONNULL = YES;
				CLANG_ANALYZER_NUMBER_OBJECT_CONVERSION = YES_AGGRESSIVE;
				CLANG_CXX_LANGUAGE_STANDARD = "gnu++20";
				CLANG_ENABLE_MODULES = YES;
				CLANG_ENABLE_OBJC_ARC = YES;
				CLANG_ENABLE_OBJC_WEAK = YES;
				CLANG_WARN_BLOCK_CAPTURE_AUTORELEASING = YES;
				CLANG_WARN_BOOL_CONVERSION = YES;
				CLANG_WARN_COMMA = YES;
				CLANG_WARN_CONSTANT_CONVERSION = YES;
				CLANG_WARN_DEPRECATED_OBJC_IMPLEMENTATIONS = YES;
				CLANG_WARN_DIRECT_OBJC_ISA_USAGE = YES_ERROR;
				CLANG_WARN_DOCUMENTATION_COMMENTS = YES;
				CLANG_WARN_EMPTY_BODY = YES;
				CLANG_WARN_ENUM_CONVERSION = YES;
				CLANG_WARN_INFINITE_RECURSION = YES;
				CLANG_WARN_INT_CONVERSION = YES;
				CLANG_WARN_NON_LITERAL_NULL_CONVERSION = YES;
				CLANG_WARN_OBJC_IMPLICIT_RETAIN_SELF = YES;
				CLANG_WARN_OBJC_LITERAL_CONVERSION = YES;
				CLANG_WARN_OBJC_ROOT_CLASS = YES_ERROR;
				CLANG_WARN_QUOTED_INCLUDE_IN_FRAMEWORK_HEADER = YES;
				CLANG_WARN_RANGE_LOOP_ANALYSIS = YES;
				CLANG_WARN_STRICT_PROTOTYPES = YES;
				CLANG_WARN_SUSPICIOUS_MOVE = YES;
				CLANG_WARN_UNGUARDED_AVAILABILITY = YES_AGGRESSIVE;
				CLANG_WARN_UNREACHABLE_CODE = YES;
				CLANG_WARN__DUPLICATE_METHOD_MATCH = YES;
				COPY_PHASE_STRIP = NO;
				DEBUG_INFORMATION_FORMAT = dwarf;
				ENABLE_STRICT_OBJC_MSGSEND = YES;
				ENABLE_TESTABILITY = YES;
				GCC_C_LANGUAGE_STANDARD = gnu11;
				GCC_DYNAMIC_NO_PIC = NO;
				GCC_NO_COMMON_BLOCKS = YES;
				GCC_OPTIMIZATION_LEVEL = 0;
				GCC_PREPROCESSOR_DEFINITIONS = (
					"DEBUG=1",
					"$(inherited)",
				);
				GCC_WARN_64_TO_32_BIT_CONVERSION = YES;
				GCC_WARN_ABOUT_RETURN_TYPE = YES_ERROR;
				GCC_WARN_UNDECLARED_SELECTOR = YES;
				GCC_WARN_UNINITIALIZED_AUTOS = YES_AGGRESSIVE;
				GCC_WARN_UNUSED_FUNCTION = YES;
				GCC_WARN_UNUSED_VARIABLE = YES;
				MTL_ENABLE_DEBUG_INFO = INCLUDE_SOURCE;
				MTL_FAST_MATH = YES;
				ONLY_ACTIVE_ARCH = YES;
				SWIFT_ACTIVE_COMPILATION_CONDITIONS = DEBUG;
				SWIFT_OPTIMIZATION_LEVEL = "-Onone";
			};
			name = Debug;
		};
		448126602A85D3BB00F70F62 /* Release */ = {
			isa = XCBuildConfiguration;
			buildSettings = {
				ALWAYS_SEARCH_USER_PATHS = NO;
				CLANG_ANALYZER_NONNULL = YES;
				CLANG_ANALYZER_NUMBER_OBJECT_CONVERSION = YES_AGGRESSIVE;
				CLANG_CXX_LANGUAGE_STANDARD = "gnu++20";
				CLANG_ENABLE_MODULES = YES;
				CLANG_ENABLE_OBJC_ARC = YES;
				CLANG_ENABLE_OBJC_WEAK = YES;
				CLANG_WARN_BLOCK_CAPTURE_AUTORELEASING = YES;
				CLANG_WARN_BOOL_CONVERSION = YES;
				CLANG_WARN_COMMA = YES;
				CLANG_WARN_CONSTANT_CONVERSION = YES;
				CLANG_WARN_DEPRECATED_OBJC_IMPLEMENTATIONS = YES;
				CLANG_WARN_DIRECT_OBJC_ISA_USAGE = YES_ERROR;
				CLANG_WARN_DOCUMENTATION_COMMENTS = YES;
				CLANG_WARN_EMPTY_BODY = YES;
				CLANG_WARN_ENUM_CONVERSION = YES;
				CLANG_WARN_INFINITE_RECURSION = YES;
				CLANG_WARN_INT_CONVERSION = YES;
				CLANG_WARN_NON_LITERAL_NULL_CONVERSION = YES;
				CLANG_WARN_OBJC_IMPLICIT_RETAIN_SELF = YES;
				CLANG_WARN_OBJC_LITERAL_CONVERSION = YES;
				CLANG_WARN_OBJC_ROOT_CLASS = YES_ERROR;
				CLANG_WARN_QUOTED_INCLUDE_IN_FRAMEWORK_HEADER = YES;
				CLANG_WARN_RANGE_LOOP_ANALYSIS = YES;
				CLANG_WARN_STRICT_PROTOTYPES = YES;
				CLANG_WARN_SUSPICIOUS_MOVE = YES;
				CLANG_WARN_UNGUARDED_AVAILABILITY = YES_AGGRESSIVE;
				CLANG_WARN_UNREACHABLE_CODE = YES;
				CLANG_WARN__DUPLICATE_METHOD_MATCH = YES;
				COPY_PHASE_STRIP = NO;
				DEBUG_INFORMATION_FORMAT = "dwarf-with-dsym";
				ENABLE_NS_ASSERTIONS = NO;
				ENABLE_STRICT_OBJC_MSGSEND = YES;
				GCC_C_LANGUAGE_STANDARD = gnu11;
				GCC_NO_COMMON_BLOCKS = YES;
				GCC_WARN_64_TO_32_BIT_CONVERSION = YES;
				GCC_WARN_ABOUT_RETURN_TYPE = YES_ERROR;
				GCC_WARN_UNDECLARED_SELECTOR = YES;
				GCC_WARN_UNINITIALIZED_AUTOS = YES_AGGRESSIVE;
				GCC_WARN_UNUSED_FUNCTION = YES;
				GCC_WARN_UNUSED_VARIABLE = YES;
				MTL_ENABLE_DEBUG_INFO = NO;
				MTL_FAST_MATH = YES;
				SWIFT_COMPILATION_MODE = wholemodule;
				SWIFT_OPTIMIZATION_LEVEL = "-O";
			};
			name = Release;
		};
		448126622A85D3BB00F70F62 /* Debug */ = {
			isa = XCBuildConfiguration;
			buildSettings = {
				ASSETCATALOG_COMPILER_APPICON_NAME = AppIcon;
				ASSETCATALOG_COMPILER_GLOBAL_ACCENT_COLOR_NAME = AccentColor;
				CODE_SIGN_ENTITLEMENTS = BrainableApp/BrainableApp.entitlements;
				CODE_SIGN_STYLE = Automatic;
				CURRENT_PROJECT_VERSION = 1;
				DEVELOPMENT_ASSET_PATHS = "\"BrainableApp/Preview Content\"";
				ENABLE_PREVIEWS = YES;
				GENERATE_INFOPLIST_FILE = YES;
				"INFOPLIST_KEY_UIApplicationSceneManifest_Generation[sdk=iphoneos*]" = YES;
				"INFOPLIST_KEY_UIApplicationSceneManifest_Generation[sdk=iphonesimulator*]" = YES;
				"INFOPLIST_KEY_UIApplicationSupportsIndirectInputEvents[sdk=iphoneos*]" = YES;
				"INFOPLIST_KEY_UIApplicationSupportsIndirectInputEvents[sdk=iphonesimulator*]" = YES;
				"INFOPLIST_KEY_UILaunchScreen_Generation[sdk=iphoneos*]" = YES;
				"INFOPLIST_KEY_UILaunchScreen_Generation[sdk=iphonesimulator*]" = YES;
				"INFOPLIST_KEY_UIStatusBarStyle[sdk=iphoneos*]" = UIStatusBarStyleDefault;
				"INFOPLIST_KEY_UIStatusBarStyle[sdk=iphonesimulator*]" = UIStatusBarStyleDefault;
				INFOPLIST_KEY_UISupportedInterfaceOrientations_iPad = "UIInterfaceOrientationPortrait UIInterfaceOrientationPortraitUpsideDown UIInterfaceOrientationLandscapeLeft UIInterfaceOrientationLandscapeRight";
				INFOPLIST_KEY_UISupportedInterfaceOrientations_iPhone = "UIInterfaceOrientationPortrait UIInterfaceOrientationLandscapeLeft UIInterfaceOrientationLandscapeRight";
				IPHONEOS_DEPLOYMENT_TARGET = 16.4;
				LD_RUNPATH_SEARCH_PATHS = "@executable_path/Frameworks";
				"LD_RUNPATH_SEARCH_PATHS[sdk=macosx*]" = "@executable_path/../Frameworks";
				MACOSX_DEPLOYMENT_TARGET = 13.3;
				MARKETING_VERSION = 1.0;
				PRODUCT_BUNDLE_IDENTIFIER = Brainable.BrainableApp;
				PRODUCT_NAME = "$(TARGET_NAME)";
				SDKROOT = auto;
				SUPPORTED_PLATFORMS = "iphoneos iphonesimulator macosx";
				SWIFT_EMIT_LOC_STRINGS = YES;
				SWIFT_VERSION = 5.0;
				TARGETED_DEVICE_FAMILY = "1,2";
			};
			name = Debug;
		};
		448126632A85D3BB00F70F62 /* Release */ = {
			isa = XCBuildConfiguration;
			buildSettings = {
				ASSETCATALOG_COMPILER_APPICON_NAME = AppIcon;
				ASSETCATALOG_COMPILER_GLOBAL_ACCENT_COLOR_NAME = AccentColor;
				CODE_SIGN_ENTITLEMENTS = BrainableApp/BrainableApp.entitlements;
				CODE_SIGN_STYLE = Automatic;
				CURRENT_PROJECT_VERSION = 1;
				DEVELOPMENT_ASSET_PATHS = "\"BrainableApp/Preview Content\"";
				ENABLE_PREVIEWS = YES;
				GENERATE_INFOPLIST_FILE = YES;
				"INFOPLIST_KEY_UIApplicationSceneManifest_Generation[sdk=iphoneos*]" = YES;
				"INFOPLIST_KEY_UIApplicationSceneManifest_Generation[sdk=iphonesimulator*]" = YES;
				"INFOPLIST_KEY_UIApplicationSupportsIndirectInputEvents[sdk=iphoneos*]" = YES;
				"INFOPLIST_KEY_UIApplicationSupportsIndirectInputEvents[sdk=iphonesimulator*]" = YES;
				"INFOPLIST_KEY_UILaunchScreen_Generation[sdk=iphoneos*]" = YES;
				"INFOPLIST_KEY_UILaunchScreen_Generation[sdk=iphonesimulator*]" = YES;
				"INFOPLIST_KEY_UIStatusBarStyle[sdk=iphoneos*]" = UIStatusBarStyleDefault;
				"INFOPLIST_KEY_UIStatusBarStyle[sdk=iphonesimulator*]" = UIStatusBarStyleDefault;
				INFOPLIST_KEY_UISupportedInterfaceOrientations_iPad = "UIInterfaceOrientationPortrait UIInterfaceOrientationPortraitUpsideDown UIInterfaceOrientationLandscapeLeft UIInterfaceOrientationLandscapeRight";
				INFOPLIST_KEY_UISupportedInterfaceOrientations_iPhone = "UIInterfaceOrientationPortrait UIInterfaceOrientationLandscapeLeft UIInterfaceOrientationLandscapeRight";
				IPHONEOS_DEPLOYMENT_TARGET = 16.4;
				LD_RUNPATH_SEARCH_PATHS = "@executable_path/Frameworks";
				"LD_RUNPATH_SEARCH_PATHS[sdk=macosx*]" = "@executable_path/../Frameworks";
				MACOSX_DEPLOYMENT_TARGET = 13.3;
				MARKETING_VERSION = 1.0;
				PRODUCT_BUNDLE_IDENTIFIER = Brainable.BrainableApp;
				PRODUCT_NAME = "$(TARGET_NAME)";
				SDKROOT = auto;
				SUPPORTED_PLATFORMS = "iphoneos iphonesimulator macosx";
				SWIFT_EMIT_LOC_STRINGS = YES;
				SWIFT_VERSION = 5.0;
				TARGETED_DEVICE_FAMILY = "1,2";
			};
			name = Release;
		};
		448126652A85D3BB00F70F62 /* Debug */ = {
			isa = XCBuildConfiguration;
			buildSettings = {
				ALWAYS_EMBED_SWIFT_STANDARD_LIBRARIES = YES;
				BUNDLE_LOADER = "$(TEST_HOST)";
				CODE_SIGN_STYLE = Automatic;
				CURRENT_PROJECT_VERSION = 1;
				GENERATE_INFOPLIST_FILE = YES;
				IPHONEOS_DEPLOYMENT_TARGET = 16.4;
				MACOSX_DEPLOYMENT_TARGET = 13.3;
				MARKETING_VERSION = 1.0;
				PRODUCT_BUNDLE_IDENTIFIER = Brainable.BrainableAppTests;
				PRODUCT_NAME = "$(TARGET_NAME)";
				SDKROOT = auto;
				SUPPORTED_PLATFORMS = "iphoneos iphonesimulator macosx";
				SWIFT_EMIT_LOC_STRINGS = NO;
				SWIFT_VERSION = 5.0;
				TARGETED_DEVICE_FAMILY = "1,2";
				TEST_HOST = "$(BUILT_PRODUCTS_DIR)/BrainableApp.app/$(BUNDLE_EXECUTABLE_FOLDER_PATH)/BrainableApp";
			};
			name = Debug;
		};
		448126662A85D3BB00F70F62 /* Release */ = {
			isa = XCBuildConfiguration;
			buildSettings = {
				ALWAYS_EMBED_SWIFT_STANDARD_LIBRARIES = YES;
				BUNDLE_LOADER = "$(TEST_HOST)";
				CODE_SIGN_STYLE = Automatic;
				CURRENT_PROJECT_VERSION = 1;
				GENERATE_INFOPLIST_FILE = YES;
				IPHONEOS_DEPLOYMENT_TARGET = 16.4;
				MACOSX_DEPLOYMENT_TARGET = 13.3;
				MARKETING_VERSION = 1.0;
				PRODUCT_BUNDLE_IDENTIFIER = Brainable.BrainableAppTests;
				PRODUCT_NAME = "$(TARGET_NAME)";
				SDKROOT = auto;
				SUPPORTED_PLATFORMS = "iphoneos iphonesimulator macosx";
				SWIFT_EMIT_LOC_STRINGS = NO;
				SWIFT_VERSION = 5.0;
				TARGETED_DEVICE_FAMILY = "1,2";
				TEST_HOST = "$(BUILT_PRODUCTS_DIR)/BrainableApp.app/$(BUNDLE_EXECUTABLE_FOLDER_PATH)/BrainableApp";
			};
			name = Release;
		};
		448126682A85D3BB00F70F62 /* Debug */ = {
			isa = XCBuildConfiguration;
			buildSettings = {
				ALWAYS_EMBED_SWIFT_STANDARD_LIBRARIES = YES;
				CODE_SIGN_STYLE = Automatic;
				CURRENT_PROJECT_VERSION = 1;
				GENERATE_INFOPLIST_FILE = YES;
				IPHONEOS_DEPLOYMENT_TARGET = 16.4;
				MACOSX_DEPLOYMENT_TARGET = 13.3;
				MARKETING_VERSION = 1.0;
				PRODUCT_BUNDLE_IDENTIFIER = Brainable.BrainableAppUITests;
				PRODUCT_NAME = "$(TARGET_NAME)";
				SDKROOT = auto;
				SUPPORTED_PLATFORMS = "iphoneos iphonesimulator macosx";
				SWIFT_EMIT_LOC_STRINGS = NO;
				SWIFT_VERSION = 5.0;
				TARGETED_DEVICE_FAMILY = "1,2";
				TEST_TARGET_NAME = BrainableApp;
			};
			name = Debug;
		};
		448126692A85D3BB00F70F62 /* Release */ = {
			isa = XCBuildConfiguration;
			buildSettings = {
				ALWAYS_EMBED_SWIFT_STANDARD_LIBRARIES = YES;
				CODE_SIGN_STYLE = Automatic;
				CURRENT_PROJECT_VERSION = 1;
				GENERATE_INFOPLIST_FILE = YES;
				IPHONEOS_DEPLOYMENT_TARGET = 16.4;
				MACOSX_DEPLOYMENT_TARGET = 13.3;
				MARKETING_VERSION = 1.0;
				PRODUCT_BUNDLE_IDENTIFIER = Brainable.BrainableAppUITests;
				PRODUCT_NAME = "$(TARGET_NAME)";
				SDKROOT = auto;
				SUPPORTED_PLATFORMS = "iphoneos iphonesimulator macosx";
				SWIFT_EMIT_LOC_STRINGS = NO;
				SWIFT_VERSION = 5.0;
				TARGETED_DEVICE_FAMILY = "1,2";
				TEST_TARGET_NAME = BrainableApp;
			};
			name = Release;
		};
/* End XCBuildConfiguration section */

/* Begin XCConfigurationList section */
		448126372A85D3BA00F70F62 /* Build configuration list for PBXProject "BrainableApp" */ = {
			isa = XCConfigurationList;
			buildConfigurations = (
				4481265F2A85D3BB00F70F62 /* Debug */,
				448126602A85D3BB00F70F62 /* Release */,
			);
			defaultConfigurationIsVisible = 0;
			defaultConfigurationName = Release;
		};
		448126612A85D3BB00F70F62 /* Build configuration list for PBXNativeTarget "BrainableApp" */ = {
			isa = XCConfigurationList;
			buildConfigurations = (
				448126622A85D3BB00F70F62 /* Debug */,
				448126632A85D3BB00F70F62 /* Release */,
			);
			defaultConfigurationIsVisible = 0;
			defaultConfigurationName = Release;
		};
		448126642A85D3BB00F70F62 /* Build configuration list for PBXNativeTarget "BrainableAppTests" */ = {
			isa = XCConfigurationList;
			buildConfigurations = (
				448126652A85D3BB00F70F62 /* Debug */,
				448126662A85D3BB00F70F62 /* Release */,
			);
			defaultConfigurationIsVisible = 0;
			defaultConfigurationName = Release;
		};
		448126672A85D3BB00F70F62 /* Build configuration list for PBXNativeTarget "BrainableAppUITests" */ = {
			isa = XCConfigurationList;
			buildConfigurations = (
				448126682A85D3BB00F70F62 /* Debug */,
				448126692A85D3BB00F70F62 /* Release */,
			);
			defaultConfigurationIsVisible = 0;
			defaultConfigurationName = Release;
		};
/* End XCConfigurationList section */
	};
	rootObject = 448126342A85D3BA00F70F62 /* Project object */;
}
